
Microsoft Visual Studio Solution File, Format Version 12.00
# Visual Studio Version 16
VisualStudioVersion = 16.0.29728.190
MinimumVisualStudioVersion = 10.0.40219.1
Project("{FAE04EC0-301F-11D3-BF4B-00C04F79EFBC}") = "Assignment01Tests", "Assignment01Tests\Assignment01Tests.csproj", "{C4F273D1-64BB-4B75-9C37-F2B5441FAE3C}"
EndProject
Project("{FAE04EC0-301F-11D3-BF4B-00C04F79EFBC}") = "AssignmentQ01", "AssignmentQ01\AssignmentQ01.csproj", "{9AA60333-1F39-4AD4-B1C7-08CC60734BD3}"
EndProject
Global
	GlobalSection(SolutionConfigurationPlatforms) = preSolution
		Debug|Any CPU = Debug|Any CPU
		Release|Any CPU = Release|Any CPU
	EndGlobalSection
	GlobalSection(ProjectConfigurationPlatforms) = postSolution
		{C4F273D1-64BB-4B75-9C37-F2B5441FAE3C}.Debug|Any CPU.ActiveCfg = Debug|Any CPU
		{C4F273D1-64BB-4B75-9C37-F2B5441FAE3C}.Debug|Any CPU.Build.0 = Debug|Any CPU
		{C4F273D1-64BB-4B75-9C37-F2B5441FAE3C}.Release|Any CPU.ActiveCfg = Release|Any CPU
		{C4F273D1-64BB-4B75-9C37-F2B5441FAE3C}.Release|Any CPU.Build.0 = Release|Any CPU
		{9AA60333-1F39-4AD4-B1C7-08CC60734BD3}.Debug|Any CPU.ActiveCfg = Debug|Any CPU
		{9AA60333-1F39-4AD4-B1C7-08CC60734BD3}.Debug|Any CPU.Build.0 = Debug|Any CPU
		{9AA60333-1F39-4AD4-B1C7-08CC60734BD3}.Release|Any CPU.ActiveCfg = Release|Any CPU
		{9AA60333-1F39-4AD4-B1C7-08CC60734BD3}.Release|Any CPU.Build.0 = Release|Any CPU
	EndGlobalSection
	GlobalSection(SolutionProperties) = preSolution
		HideSolutionNode = FALSE
	EndGlobalSection
	GlobalSection(ExtensibilityGlobals) = postSolution
		SolutionGuid = {D15A362D-81F9-45AD-A2F4-062F62C5F77C}
	EndGlobalSection
EndGlobal
